// !$*UTF8*$!
{
	archiveVersion = 1;
	classes = {
	};
	objectVersion = 46;
	objects = {

/* Begin PBXBuildFile section */
		2F49BF671C37BDF900DD8B32 /* GDNotificationScheduler.swift in Sources */ = {isa = PBXBuildFile; fileRef = 2F49BF661C37BDF900DD8B32 /* GDNotificationScheduler.swift */; };
		2F49BF691C37C11F00DD8B32 /* GDPrameterParser.swift in Sources */ = {isa = PBXBuildFile; fileRef = 2F49BF681C37C11F00DD8B32 /* GDPrameterParser.swift */; };
		2F73B4A91C33A7C200C78204 /* AppDelegate.swift in Sources */ = {isa = PBXBuildFile; fileRef = 2F73B4A81C33A7C200C78204 /* AppDelegate.swift */; };
		2F73B4B01C33A7C200C78204 /* Main.storyboard in Resources */ = {isa = PBXBuildFile; fileRef = 2F73B4AE1C33A7C200C78204 /* Main.storyboard */; };
		2F73B4B21C33A7C200C78204 /* Assets.xcassets in Resources */ = {isa = PBXBuildFile; fileRef = 2F73B4B11C33A7C200C78204 /* Assets.xcassets */; };
		2F73B4B51C33A7C200C78204 /* LaunchScreen.storyboard in Resources */ = {isa = PBXBuildFile; fileRef = 2F73B4B31C33A7C200C78204 /* LaunchScreen.storyboard */; };
		2F73B4CB1C33A7C200C78204 /* GoldDiggerUITests.swift in Sources */ = {isa = PBXBuildFile; fileRef = 2F73B4CA1C33A7C200C78204 /* GoldDiggerUITests.swift */; };
		2F82431D1C40ACC200E2986A /* ScheduleTableViewController.swift in Sources */ = {isa = PBXBuildFile; fileRef = 2F82431C1C40ACC200E2986A /* ScheduleTableViewController.swift */; };
		2F82431F1C40AE0800E2986A /* GDClassSchedule.swift in Sources */ = {isa = PBXBuildFile; fileRef = 2F82431E1C40AE0800E2986A /* GDClassSchedule.swift */; };
		2F8243211C40B52C00E2986A /* GDClass.swift in Sources */ = {isa = PBXBuildFile; fileRef = 2F8243201C40B52C00E2986A /* GDClass.swift */; };
		2F8243271C40E0BF00E2986A /* GDQuarterManager.swift in Sources */ = {isa = PBXBuildFile; fileRef = 2F8243261C40E0BF00E2986A /* GDQuarterManager.swift */; };
		2F82432B1C40E8F700E2986A /* GDQuarterMangerTests.swift in Sources */ = {isa = PBXBuildFile; fileRef = 2F82432A1C40E8F700E2986A /* GDQuarterMangerTests.swift */; };
		2F82432D1C40EB3400E2986A /* GDQuarter.swift in Sources */ = {isa = PBXBuildFile; fileRef = 2F82432C1C40EB3400E2986A /* GDQuarter.swift */; };
		2F82432F1C42FF6900E2986A /* GDPageRequesterr.swift in Sources */ = {isa = PBXBuildFile; fileRef = 2F82432E1C42FF6900E2986A /* GDPageRequesterr.swift */; };
		2F8243311C430A7100E2986A /* GDClassScheduleTests.swift in Sources */ = {isa = PBXBuildFile; fileRef = 2F8243301C430A7100E2986A /* GDClassScheduleTests.swift */; };
		2FC103F51C34DF2E001D5FA0 /* GDRegistrationInfo.swift in Sources */ = {isa = PBXBuildFile; fileRef = 2FC103F41C34DF2E001D5FA0 /* GDRegistrationInfo.swift */; };
		2FC103F71C34E26E001D5FA0 /* GDRegistrationInfoTests.swift in Sources */ = {isa = PBXBuildFile; fileRef = 2FC103F61C34E26E001D5FA0 /* GDRegistrationInfoTests.swift */; };
		2FC103F91C34E9ED001D5FA0 /* Common.swift in Sources */ = {isa = PBXBuildFile; fileRef = 2FC103F81C34E9ED001D5FA0 /* Common.swift */; };
		2FC476291C33B603000E2EF0 /* SettingViewController.swift in Sources */ = {isa = PBXBuildFile; fileRef = 2FC476281C33B603000E2EF0 /* SettingViewController.swift */; };
		2FC4762B1C33C1FF000E2EF0 /* GDAccountManager.swift in Sources */ = {isa = PBXBuildFile; fileRef = 2FC4762A1C33C1FF000E2EF0 /* GDAccountManager.swift */; };
		2FE8E76C1C55BB070062602C /* GDClassTableViewCell.swift in Sources */ = {isa = PBXBuildFile; fileRef = 2FE8E76B1C55BB070062602C /* GDClassTableViewCell.swift */; };
		2FE8E76E1C55CE480062602C /* GDSection.swift in Sources */ = {isa = PBXBuildFile; fileRef = 2FE8E76D1C55CE480062602C /* GDSection.swift */; };
		2FE8E7701C55D4780062602C /* GDEventExporter.swift in Sources */ = {isa = PBXBuildFile; fileRef = 2FE8E76F1C55D4780062602C /* GDEventExporter.swift */; };
		2FFB44E01C33C7D70081D59A /* GDAccountManagerTests.swift in Sources */ = {isa = PBXBuildFile; fileRef = 2FFB44DF1C33C7D70081D59A /* GDAccountManagerTests.swift */; };
		8C3AD633E60456AB47D1E54F /* Pods_GoldDiggerTests.framework in Frameworks */ = {isa = PBXBuildFile; fileRef = 0DF071FED33D221610278438 /* Pods_GoldDiggerTests.framework */; };
		949B335C2350AA35DDFA6E8B /* Pods_GoldDigger.framework in Frameworks */ = {isa = PBXBuildFile; fileRef = 4CC4EF2E3D040001908A6B4E /* Pods_GoldDigger.framework */; };
/* End PBXBuildFile section */

/* Begin PBXContainerItemProxy section */
		2F73B4BC1C33A7C200C78204 /* PBXContainerItemProxy */ = {
			isa = PBXContainerItemProxy;
			containerPortal = 2F73B49D1C33A7C200C78204 /* Project object */;
			proxyType = 1;
			remoteGlobalIDString = 2F73B4A41C33A7C200C78204;
			remoteInfo = GoldDigger;
		};
		2F73B4C71C33A7C200C78204 /* PBXContainerItemProxy */ = {
			isa = PBXContainerItemProxy;
			containerPortal = 2F73B49D1C33A7C200C78204 /* Project object */;
			proxyType = 1;
			remoteGlobalIDString = 2F73B4A41C33A7C200C78204;
			remoteInfo = GoldDigger;
		};
/* End PBXContainerItemProxy section */

/* Begin PBXFileReference section */
		0DF071FED33D221610278438 /* Pods_GoldDiggerTests.framework */ = {isa = PBXFileReference; explicitFileType = wrapper.framework; includeInIndex = 0; path = Pods_GoldDiggerTests.framework; sourceTree = BUILT_PRODUCTS_DIR; };
		2C5E7D9863BB66FD45A5D06C /* Pods-GoldDiggerTests.debug.xcconfig */ = {isa = PBXFileReference; includeInIndex = 1; lastKnownFileType = text.xcconfig; name = "Pods-GoldDiggerTests.debug.xcconfig"; path = "Pods/Target Support Files/Pods-GoldDiggerTests/Pods-GoldDiggerTests.debug.xcconfig"; sourceTree = "<group>"; };
		2F49BF661C37BDF900DD8B32 /* GDNotificationScheduler.swift */ = {isa = PBXFileReference; fileEncoding = 4; lastKnownFileType = sourcecode.swift; path = GDNotificationScheduler.swift; sourceTree = "<group>"; };
		2F49BF681C37C11F00DD8B32 /* GDPrameterParser.swift */ = {isa = PBXFileReference; fileEncoding = 4; lastKnownFileType = sourcecode.swift; path = GDPrameterParser.swift; sourceTree = "<group>"; };
		2F73B4A51C33A7C200C78204 /* GoldDigger.app */ = {isa = PBXFileReference; explicitFileType = wrapper.application; includeInIndex = 0; path = GoldDigger.app; sourceTree = BUILT_PRODUCTS_DIR; };
		2F73B4A81C33A7C200C78204 /* AppDelegate.swift */ = {isa = PBXFileReference; lastKnownFileType = sourcecode.swift; path = AppDelegate.swift; sourceTree = "<group>"; };
		2F73B4AF1C33A7C200C78204 /* Base */ = {isa = PBXFileReference; lastKnownFileType = file.storyboard; name = Base; path = Base.lproj/Main.storyboard; sourceTree = "<group>"; };
		2F73B4B11C33A7C200C78204 /* Assets.xcassets */ = {isa = PBXFileReference; lastKnownFileType = folder.assetcatalog; path = Assets.xcassets; sourceTree = "<group>"; };
		2F73B4B41C33A7C200C78204 /* Base */ = {isa = PBXFileReference; lastKnownFileType = file.storyboard; name = Base; path = Base.lproj/LaunchScreen.storyboard; sourceTree = "<group>"; };
		2F73B4B61C33A7C200C78204 /* Info.plist */ = {isa = PBXFileReference; lastKnownFileType = text.plist.xml; path = Info.plist; sourceTree = "<group>"; };
		2F73B4BB1C33A7C200C78204 /* GoldDiggerTests.xctest */ = {isa = PBXFileReference; explicitFileType = wrapper.cfbundle; includeInIndex = 0; path = GoldDiggerTests.xctest; sourceTree = BUILT_PRODUCTS_DIR; };
		2F73B4C11C33A7C200C78204 /* Info.plist */ = {isa = PBXFileReference; lastKnownFileType = text.plist.xml; path = Info.plist; sourceTree = "<group>"; };
		2F73B4C61C33A7C200C78204 /* GoldDiggerUITests.xctest */ = {isa = PBXFileReference; explicitFileType = wrapper.cfbundle; includeInIndex = 0; path = GoldDiggerUITests.xctest; sourceTree = BUILT_PRODUCTS_DIR; };
		2F73B4CA1C33A7C200C78204 /* GoldDiggerUITests.swift */ = {isa = PBXFileReference; lastKnownFileType = sourcecode.swift; path = GoldDiggerUITests.swift; sourceTree = "<group>"; };
		2F73B4CC1C33A7C200C78204 /* Info.plist */ = {isa = PBXFileReference; lastKnownFileType = text.plist.xml; path = Info.plist; sourceTree = "<group>"; };
		2F82431C1C40ACC200E2986A /* ScheduleTableViewController.swift */ = {isa = PBXFileReference; fileEncoding = 4; lastKnownFileType = sourcecode.swift; path = ScheduleTableViewController.swift; sourceTree = "<group>"; };
		2F82431E1C40AE0800E2986A /* GDClassSchedule.swift */ = {isa = PBXFileReference; fileEncoding = 4; lastKnownFileType = sourcecode.swift; path = GDClassSchedule.swift; sourceTree = "<group>"; };
		2F8243201C40B52C00E2986A /* GDClass.swift */ = {isa = PBXFileReference; fileEncoding = 4; lastKnownFileType = sourcecode.swift; path = GDClass.swift; sourceTree = "<group>"; };
		2F8243261C40E0BF00E2986A /* GDQuarterManager.swift */ = {isa = PBXFileReference; fileEncoding = 4; lastKnownFileType = sourcecode.swift; path = GDQuarterManager.swift; sourceTree = "<group>"; };
		2F82432A1C40E8F700E2986A /* GDQuarterMangerTests.swift */ = {isa = PBXFileReference; fileEncoding = 4; lastKnownFileType = sourcecode.swift; path = GDQuarterMangerTests.swift; sourceTree = "<group>"; };
		2F82432C1C40EB3400E2986A /* GDQuarter.swift */ = {isa = PBXFileReference; fileEncoding = 4; lastKnownFileType = sourcecode.swift; path = GDQuarter.swift; sourceTree = "<group>"; };
		2F82432E1C42FF6900E2986A /* GDPageRequesterr.swift */ = {isa = PBXFileReference; fileEncoding = 4; lastKnownFileType = sourcecode.swift; path = GDPageRequesterr.swift; sourceTree = "<group>"; };
		2F8243301C430A7100E2986A /* GDClassScheduleTests.swift */ = {isa = PBXFileReference; fileEncoding = 4; lastKnownFileType = sourcecode.swift; path = GDClassScheduleTests.swift; sourceTree = "<group>"; };
		2FC103F41C34DF2E001D5FA0 /* GDRegistrationInfo.swift */ = {isa = PBXFileReference; fileEncoding = 4; lastKnownFileType = sourcecode.swift; path = GDRegistrationInfo.swift; sourceTree = "<group>"; };
		2FC103F61C34E26E001D5FA0 /* GDRegistrationInfoTests.swift */ = {isa = PBXFileReference; fileEncoding = 4; lastKnownFileType = sourcecode.swift; path = GDRegistrationInfoTests.swift; sourceTree = "<group>"; };
		2FC103F81C34E9ED001D5FA0 /* Common.swift */ = {isa = PBXFileReference; fileEncoding = 4; lastKnownFileType = sourcecode.swift; path = Common.swift; sourceTree = "<group>"; };
		2FC476281C33B603000E2EF0 /* SettingViewController.swift */ = {isa = PBXFileReference; fileEncoding = 4; lastKnownFileType = sourcecode.swift; path = SettingViewController.swift; sourceTree = "<group>"; };
		2FC4762A1C33C1FF000E2EF0 /* GDAccountManager.swift */ = {isa = PBXFileReference; fileEncoding = 4; lastKnownFileType = sourcecode.swift; path = GDAccountManager.swift; sourceTree = "<group>"; };
		2FE8E76B1C55BB070062602C /* GDClassTableViewCell.swift */ = {isa = PBXFileReference; fileEncoding = 4; lastKnownFileType = sourcecode.swift; path = GDClassTableViewCell.swift; sourceTree = "<group>"; };
		2FE8E76D1C55CE480062602C /* GDSection.swift */ = {isa = PBXFileReference; fileEncoding = 4; lastKnownFileType = sourcecode.swift; path = GDSection.swift; sourceTree = "<group>"; };
		2FE8E76F1C55D4780062602C /* GDEventExporter.swift */ = {isa = PBXFileReference; fileEncoding = 4; lastKnownFileType = sourcecode.swift; path = GDEventExporter.swift; sourceTree = "<group>"; };
		2FFB44DF1C33C7D70081D59A /* GDAccountManagerTests.swift */ = {isa = PBXFileReference; fileEncoding = 4; lastKnownFileType = sourcecode.swift; path = GDAccountManagerTests.swift; sourceTree = "<group>"; };
		2FFB44E11C33E7460081D59A /* libxml2.2.tbd */ = {isa = PBXFileReference; lastKnownFileType = "sourcecode.text-based-dylib-definition"; name = libxml2.2.tbd; path = usr/lib/libxml2.2.tbd; sourceTree = SDKROOT; };
		2FFB44E31C33E75E0081D59A /* libxml2.tbd */ = {isa = PBXFileReference; lastKnownFileType = "sourcecode.text-based-dylib-definition"; name = libxml2.tbd; path = usr/lib/libxml2.tbd; sourceTree = SDKROOT; };
		2FFB44E61C33E7990081D59A /* libresolv.9.tbd */ = {isa = PBXFileReference; lastKnownFileType = "sourcecode.text-based-dylib-definition"; name = libresolv.9.tbd; path = usr/lib/libresolv.9.tbd; sourceTree = SDKROOT; };
		2FFB44E81C33E7A20081D59A /* libresolv.tbd */ = {isa = PBXFileReference; lastKnownFileType = "sourcecode.text-based-dylib-definition"; name = libresolv.tbd; path = usr/lib/libresolv.tbd; sourceTree = SDKROOT; };
		4495B91A2E37EA1846DD7664 /* Pods-GoldDigger.debug.xcconfig */ = {isa = PBXFileReference; includeInIndex = 1; lastKnownFileType = text.xcconfig; name = "Pods-GoldDigger.debug.xcconfig"; path = "Pods/Target Support Files/Pods-GoldDigger/Pods-GoldDigger.debug.xcconfig"; sourceTree = "<group>"; };
		4CC4EF2E3D040001908A6B4E /* Pods_GoldDigger.framework */ = {isa = PBXFileReference; explicitFileType = wrapper.framework; includeInIndex = 0; path = Pods_GoldDigger.framework; sourceTree = BUILT_PRODUCTS_DIR; };
		C0CF8530784FBDB817B9F995 /* Pods-GoldDiggerTests.release.xcconfig */ = {isa = PBXFileReference; includeInIndex = 1; lastKnownFileType = text.xcconfig; name = "Pods-GoldDiggerTests.release.xcconfig"; path = "Pods/Target Support Files/Pods-GoldDiggerTests/Pods-GoldDiggerTests.release.xcconfig"; sourceTree = "<group>"; };
		C5C4103ED4F7628F39248335 /* Pods-GoldDigger.release.xcconfig */ = {isa = PBXFileReference; includeInIndex = 1; lastKnownFileType = text.xcconfig; name = "Pods-GoldDigger.release.xcconfig"; path = "Pods/Target Support Files/Pods-GoldDigger/Pods-GoldDigger.release.xcconfig"; sourceTree = "<group>"; };
/* End PBXFileReference section */

/* Begin PBXFrameworksBuildPhase section */
		2F73B4A21C33A7C200C78204 /* Frameworks */ = {
			isa = PBXFrameworksBuildPhase;
			buildActionMask = 2147483647;
			files = (
				949B335C2350AA35DDFA6E8B /* Pods_GoldDigger.framework in Frameworks */,
			);
			runOnlyForDeploymentPostprocessing = 0;
		};
		2F73B4B81C33A7C200C78204 /* Frameworks */ = {
			isa = PBXFrameworksBuildPhase;
			buildActionMask = 2147483647;
			files = (
				8C3AD633E60456AB47D1E54F /* Pods_GoldDiggerTests.framework in Frameworks */,
			);
			runOnlyForDeploymentPostprocessing = 0;
		};
		2F73B4C31C33A7C200C78204 /* Frameworks */ = {
			isa = PBXFrameworksBuildPhase;
			buildActionMask = 2147483647;
			files = (
			);
			runOnlyForDeploymentPostprocessing = 0;
		};
/* End PBXFrameworksBuildPhase section */

/* Begin PBXGroup section */
		2F49BF6A1C3B052000DD8B32 /* GoldAPI */ = {
			isa = PBXGroup;
			children = (
				2F8243251C40DFDB00E2986A /* Utils */,
				2F8243221C40B53300E2986A /* Models */,
				2FC4762A1C33C1FF000E2EF0 /* GDAccountManager.swift */,
				2F8243261C40E0BF00E2986A /* GDQuarterManager.swift */,
				2FC103F41C34DF2E001D5FA0 /* GDRegistrationInfo.swift */,
				2F82431E1C40AE0800E2986A /* GDClassSchedule.swift */,
			);
			name = GoldAPI;
			sourceTree = "<group>";
		};
		2F49BF6B1C3B057900DD8B32 /* GUI */ = {
			isa = PBXGroup;
			children = (
				2F73B4B31C33A7C200C78204 /* LaunchScreen.storyboard */,
				2F73B4AE1C33A7C200C78204 /* Main.storyboard */,
				2F73B4B11C33A7C200C78204 /* Assets.xcassets */,
				2FE8E76B1C55BB070062602C /* GDClassTableViewCell.swift */,
			);
			name = GUI;
			sourceTree = "<group>";
		};
		2F73B49C1C33A7C200C78204 = {
			isa = PBXGroup;
			children = (
				2F73B4A71C33A7C200C78204 /* GoldDigger */,
				2F73B4BE1C33A7C200C78204 /* GoldDiggerTests */,
				2F73B4C91C33A7C200C78204 /* GoldDiggerUITests */,
				2F73B4A61C33A7C200C78204 /* Products */,
				77DC1C6B7E97A8B61A3084FB /* Pods */,
				DF2A01FB670EECDB07D1EBA1 /* Frameworks */,
			);
			sourceTree = "<group>";
		};
		2F73B4A61C33A7C200C78204 /* Products */ = {
			isa = PBXGroup;
			children = (
				2F73B4A51C33A7C200C78204 /* GoldDigger.app */,
				2F73B4BB1C33A7C200C78204 /* GoldDiggerTests.xctest */,
				2F73B4C61C33A7C200C78204 /* GoldDiggerUITests.xctest */,
			);
			name = Products;
			sourceTree = "<group>";
		};
		2F73B4A71C33A7C200C78204 /* GoldDigger */ = {
			isa = PBXGroup;
			children = (
				2F73B4A81C33A7C200C78204 /* AppDelegate.swift */,
				2FC103F81C34E9ED001D5FA0 /* Common.swift */,
				2F49BF6B1C3B057900DD8B32 /* GUI */,
				2F49BF6A1C3B052000DD8B32 /* GoldAPI */,
				2F82431B1C3FAD8900E2986A /* Controllers */,
				2F49BF661C37BDF900DD8B32 /* GDNotificationScheduler.swift */,
				2FE8E76F1C55D4780062602C /* GDEventExporter.swift */,
				2F73B4B61C33A7C200C78204 /* Info.plist */,
			);
			path = GoldDigger;
			sourceTree = "<group>";
		};
		2F73B4BE1C33A7C200C78204 /* GoldDiggerTests */ = {
			isa = PBXGroup;
			children = (
				2F8243281C40E88E00E2986A /* GoldAPI */,
				2F73B4C11C33A7C200C78204 /* Info.plist */,
			);
			path = GoldDiggerTests;
			sourceTree = "<group>";
		};
		2F73B4C91C33A7C200C78204 /* GoldDiggerUITests */ = {
			isa = PBXGroup;
			children = (
				2F73B4CA1C33A7C200C78204 /* GoldDiggerUITests.swift */,
				2F73B4CC1C33A7C200C78204 /* Info.plist */,
			);
			path = GoldDiggerUITests;
			sourceTree = "<group>";
		};
		2F82431B1C3FAD8900E2986A /* Controllers */ = {
			isa = PBXGroup;
			children = (
				2F82431C1C40ACC200E2986A /* ScheduleTableViewController.swift */,
				2FC476281C33B603000E2EF0 /* SettingViewController.swift */,
			);
			name = Controllers;
			sourceTree = "<group>";
		};
		2F8243221C40B53300E2986A /* Models */ = {
			isa = PBXGroup;
			children = (
				2F8243201C40B52C00E2986A /* GDClass.swift */,
				2FE8E76D1C55CE480062602C /* GDSection.swift */,
				2F82432C1C40EB3400E2986A /* GDQuarter.swift */,
			);
			name = Models;
			sourceTree = "<group>";
		};
		2F8243251C40DFDB00E2986A /* Utils */ = {
			isa = PBXGroup;
			children = (
				2F49BF681C37C11F00DD8B32 /* GDPrameterParser.swift */,
				2F82432E1C42FF6900E2986A /* GDPageRequesterr.swift */,
			);
			name = Utils;
			sourceTree = "<group>";
		};
		2F8243281C40E88E00E2986A /* GoldAPI */ = {
			isa = PBXGroup;
			children = (
				2F8243291C40E89D00E2986A /* Utils */,
				2FC103F61C34E26E001D5FA0 /* GDRegistrationInfoTests.swift */,
				2FFB44DF1C33C7D70081D59A /* GDAccountManagerTests.swift */,
				2F82432A1C40E8F700E2986A /* GDQuarterMangerTests.swift */,
				2F8243301C430A7100E2986A /* GDClassScheduleTests.swift */,
			);
			name = GoldAPI;
			sourceTree = "<group>";
		};
		2F8243291C40E89D00E2986A /* Utils */ = {
			isa = PBXGroup;
			children = (
			);
			name = Utils;
			sourceTree = "<group>";
		};
		77DC1C6B7E97A8B61A3084FB /* Pods */ = {
			isa = PBXGroup;
			children = (
				4495B91A2E37EA1846DD7664 /* Pods-GoldDigger.debug.xcconfig */,
				C5C4103ED4F7628F39248335 /* Pods-GoldDigger.release.xcconfig */,
				2C5E7D9863BB66FD45A5D06C /* Pods-GoldDiggerTests.debug.xcconfig */,
				C0CF8530784FBDB817B9F995 /* Pods-GoldDiggerTests.release.xcconfig */,
			);
			name = Pods;
			sourceTree = "<group>";
		};
		DF2A01FB670EECDB07D1EBA1 /* Frameworks */ = {
			isa = PBXGroup;
			children = (
				2FFB44E81C33E7A20081D59A /* libresolv.tbd */,
				2FFB44E61C33E7990081D59A /* libresolv.9.tbd */,
				2FFB44E31C33E75E0081D59A /* libxml2.tbd */,
				2FFB44E11C33E7460081D59A /* libxml2.2.tbd */,
				4CC4EF2E3D040001908A6B4E /* Pods_GoldDigger.framework */,
				0DF071FED33D221610278438 /* Pods_GoldDiggerTests.framework */,
			);
			name = Frameworks;
			sourceTree = "<group>";
		};
/* End PBXGroup section */

/* Begin PBXNativeTarget section */
		2F73B4A41C33A7C200C78204 /* GoldDigger */ = {
			isa = PBXNativeTarget;
			buildConfigurationList = 2F73B4CF1C33A7C200C78204 /* Build configuration list for PBXNativeTarget "GoldDigger" */;
			buildPhases = (
				77776F7141B815344D294565 /* Check Pods Manifest.lock */,
				2F73B4A11C33A7C200C78204 /* Sources */,
				2F73B4A21C33A7C200C78204 /* Frameworks */,
				2F73B4A31C33A7C200C78204 /* Resources */,
				C4C8C6F8D09C8D231E11A995 /* Embed Pods Frameworks */,
				21E17F9EC3ACF598486C7A63 /* Copy Pods Resources */,
			);
			buildRules = (
			);
			dependencies = (
			);
			name = GoldDigger;
			productName = GoldDigger;
			productReference = 2F73B4A51C33A7C200C78204 /* GoldDigger.app */;
			productType = "com.apple.product-type.application";
		};
		2F73B4BA1C33A7C200C78204 /* GoldDiggerTests */ = {
			isa = PBXNativeTarget;
			buildConfigurationList = 2F73B4D21C33A7C200C78204 /* Build configuration list for PBXNativeTarget "GoldDiggerTests" */;
			buildPhases = (
				01C8CCD8E0B9002C6EF0BEA6 /* Check Pods Manifest.lock */,
				2F73B4B71C33A7C200C78204 /* Sources */,
				2F73B4B81C33A7C200C78204 /* Frameworks */,
				2F73B4B91C33A7C200C78204 /* Resources */,
				E9B18521ED771B48FA31AB55 /* Embed Pods Frameworks */,
				4551B24202F757CC488C7CE0 /* Copy Pods Resources */,
			);
			buildRules = (
			);
			dependencies = (
				2F73B4BD1C33A7C200C78204 /* PBXTargetDependency */,
			);
			name = GoldDiggerTests;
			productName = GoldDiggerTests;
			productReference = 2F73B4BB1C33A7C200C78204 /* GoldDiggerTests.xctest */;
			productType = "com.apple.product-type.bundle.unit-test";
		};
		2F73B4C51C33A7C200C78204 /* GoldDiggerUITests */ = {
			isa = PBXNativeTarget;
			buildConfigurationList = 2F73B4D51C33A7C200C78204 /* Build configuration list for PBXNativeTarget "GoldDiggerUITests" */;
			buildPhases = (
				2F73B4C21C33A7C200C78204 /* Sources */,
				2F73B4C31C33A7C200C78204 /* Frameworks */,
				2F73B4C41C33A7C200C78204 /* Resources */,
			);
			buildRules = (
			);
			dependencies = (
				2F73B4C81C33A7C200C78204 /* PBXTargetDependency */,
			);
			name = GoldDiggerUITests;
			productName = GoldDiggerUITests;
			productReference = 2F73B4C61C33A7C200C78204 /* GoldDiggerUITests.xctest */;
			productType = "com.apple.product-type.bundle.ui-testing";
		};
/* End PBXNativeTarget section */

/* Begin PBXProject section */
		2F73B49D1C33A7C200C78204 /* Project object */ = {
			isa = PBXProject;
			attributes = {
				LastSwiftUpdateCheck = 0720;
				LastUpgradeCheck = 0720;
				ORGANIZATIONNAME = "Tyler Ouyang";
				TargetAttributes = {
					2F73B4A41C33A7C200C78204 = {
						CreatedOnToolsVersion = 7.2;
						DevelopmentTeam = F5S48SAJAU;
					};
					2F73B4BA1C33A7C200C78204 = {
						CreatedOnToolsVersion = 7.2;
						TestTargetID = 2F73B4A41C33A7C200C78204;
					};
					2F73B4C51C33A7C200C78204 = {
						CreatedOnToolsVersion = 7.2;
						TestTargetID = 2F73B4A41C33A7C200C78204;
					};
				};
			};
			buildConfigurationList = 2F73B4A01C33A7C200C78204 /* Build configuration list for PBXProject "GoldDigger" */;
			compatibilityVersion = "Xcode 3.2";
			developmentRegion = English;
			hasScannedForEncodings = 0;
			knownRegions = (
				en,
				Base,
			);
			mainGroup = 2F73B49C1C33A7C200C78204;
			productRefGroup = 2F73B4A61C33A7C200C78204 /* Products */;
			projectDirPath = "";
			projectRoot = "";
			targets = (
				2F73B4A41C33A7C200C78204 /* GoldDigger */,
				2F73B4BA1C33A7C200C78204 /* GoldDiggerTests */,
				2F73B4C51C33A7C200C78204 /* GoldDiggerUITests */,
			);
		};
/* End PBXProject section */

/* Begin PBXResourcesBuildPhase section */
		2F73B4A31C33A7C200C78204 /* Resources */ = {
			isa = PBXResourcesBuildPhase;
			buildActionMask = 2147483647;
			files = (
				2F73B4B51C33A7C200C78204 /* LaunchScreen.storyboard in Resources */,
				2F73B4B21C33A7C200C78204 /* Assets.xcassets in Resources */,
				2F73B4B01C33A7C200C78204 /* Main.storyboard in Resources */,
			);
			runOnlyForDeploymentPostprocessing = 0;
		};
		2F73B4B91C33A7C200C78204 /* Resources */ = {
			isa = PBXResourcesBuildPhase;
			buildActionMask = 2147483647;
			files = (
			);
			runOnlyForDeploymentPostprocessing = 0;
		};
		2F73B4C41C33A7C200C78204 /* Resources */ = {
			isa = PBXResourcesBuildPhase;
			buildActionMask = 2147483647;
			files = (
			);
			runOnlyForDeploymentPostprocessing = 0;
		};
/* End PBXResourcesBuildPhase section */

/* Begin PBXShellScriptBuildPhase section */
		01C8CCD8E0B9002C6EF0BEA6 /* Check Pods Manifest.lock */ = {
			isa = PBXShellScriptBuildPhase;
			buildActionMask = 2147483647;
			files = (
			);
			inputPaths = (
			);
			name = "Check Pods Manifest.lock";
			outputPaths = (
			);
			runOnlyForDeploymentPostprocessing = 0;
			shellPath = /bin/sh;
			shellScript = "diff \"${PODS_ROOT}/../Podfile.lock\" \"${PODS_ROOT}/Manifest.lock\" > /dev/null\nif [[ $? != 0 ]] ; then\n    cat << EOM\nerror: The sandbox is not in sync with the Podfile.lock. Run 'pod install' or update your CocoaPods installation.\nEOM\n    exit 1\nfi\n";
			showEnvVarsInLog = 0;
		};
		21E17F9EC3ACF598486C7A63 /* Copy Pods Resources */ = {
			isa = PBXShellScriptBuildPhase;
			buildActionMask = 2147483647;
			files = (
			);
			inputPaths = (
			);
			name = "Copy Pods Resources";
			outputPaths = (
			);
			runOnlyForDeploymentPostprocessing = 0;
			shellPath = /bin/sh;
			shellScript = "\"${SRCROOT}/Pods/Target Support Files/Pods-GoldDigger/Pods-GoldDigger-resources.sh\"\n";
			showEnvVarsInLog = 0;
		};
		4551B24202F757CC488C7CE0 /* Copy Pods Resources */ = {
			isa = PBXShellScriptBuildPhase;
			buildActionMask = 2147483647;
			files = (
			);
			inputPaths = (
			);
			name = "Copy Pods Resources";
			outputPaths = (
			);
			runOnlyForDeploymentPostprocessing = 0;
			shellPath = /bin/sh;
			shellScript = "\"${SRCROOT}/Pods/Target Support Files/Pods-GoldDiggerTests/Pods-GoldDiggerTests-resources.sh\"\n";
			showEnvVarsInLog = 0;
		};
		77776F7141B815344D294565 /* Check Pods Manifest.lock */ = {
			isa = PBXShellScriptBuildPhase;
			buildActionMask = 2147483647;
			files = (
			);
			inputPaths = (
			);
			name = "Check Pods Manifest.lock";
			outputPaths = (
			);
			runOnlyForDeploymentPostprocessing = 0;
			shellPath = /bin/sh;
			shellScript = "diff \"${PODS_ROOT}/../Podfile.lock\" \"${PODS_ROOT}/Manifest.lock\" > /dev/null\nif [[ $? != 0 ]] ; then\n    cat << EOM\nerror: The sandbox is not in sync with the Podfile.lock. Run 'pod install' or update your CocoaPods installation.\nEOM\n    exit 1\nfi\n";
			showEnvVarsInLog = 0;
		};
		C4C8C6F8D09C8D231E11A995 /* Embed Pods Frameworks */ = {
			isa = PBXShellScriptBuildPhase;
			buildActionMask = 2147483647;
			files = (
			);
			inputPaths = (
			);
			name = "Embed Pods Frameworks";
			outputPaths = (
			);
			runOnlyForDeploymentPostprocessing = 0;
			shellPath = /bin/sh;
			shellScript = "\"${SRCROOT}/Pods/Target Support Files/Pods-GoldDigger/Pods-GoldDigger-frameworks.sh\"\n";
			showEnvVarsInLog = 0;
		};
		E9B18521ED771B48FA31AB55 /* Embed Pods Frameworks */ = {
			isa = PBXShellScriptBuildPhase;
			buildActionMask = 2147483647;
			files = (
			);
			inputPaths = (
			);
			name = "Embed Pods Frameworks";
			outputPaths = (
			);
			runOnlyForDeploymentPostprocessing = 0;
			shellPath = /bin/sh;
			shellScript = "\"${SRCROOT}/Pods/Target Support Files/Pods-GoldDiggerTests/Pods-GoldDiggerTests-frameworks.sh\"\n";
			showEnvVarsInLog = 0;
		};
/* End PBXShellScriptBuildPhase section */

/* Begin PBXSourcesBuildPhase section */
		2F73B4A11C33A7C200C78204 /* Sources */ = {
			isa = PBXSourcesBuildPhase;
			buildActionMask = 2147483647;
			files = (
				2F82431D1C40ACC200E2986A /* ScheduleTableViewController.swift in Sources */,
				2F49BF671C37BDF900DD8B32 /* GDNotificationScheduler.swift in Sources */,
				2FC103F51C34DF2E001D5FA0 /* GDRegistrationInfo.swift in Sources */,
				2FE8E7701C55D4780062602C /* GDEventExporter.swift in Sources */,
				2F73B4A91C33A7C200C78204 /* AppDelegate.swift in Sources */,
				2F82431F1C40AE0800E2986A /* GDClassSchedule.swift in Sources */,
				2F82432D1C40EB3400E2986A /* GDQuarter.swift in Sources */,
				2FC103F91C34E9ED001D5FA0 /* Common.swift in Sources */,
				2F49BF691C37C11F00DD8B32 /* GDPrameterParser.swift in Sources */,
				2F82432F1C42FF6900E2986A /* GDPageRequesterr.swift in Sources */,
				2FE8E76C1C55BB070062602C /* GDClassTableViewCell.swift in Sources */,
				2FC476291C33B603000E2EF0 /* SettingViewController.swift in Sources */,
				2FE8E76E1C55CE480062602C /* GDSection.swift in Sources */,
				2FC4762B1C33C1FF000E2EF0 /* GDAccountManager.swift in Sources */,
				2F8243211C40B52C00E2986A /* GDClass.swift in Sources */,
				2F8243271C40E0BF00E2986A /* GDQuarterManager.swift in Sources */,
			);
			runOnlyForDeploymentPostprocessing = 0;
		};
		2F73B4B71C33A7C200C78204 /* Sources */ = {
			isa = PBXSourcesBuildPhase;
			buildActionMask = 2147483647;
			files = (
				2FC103F71C34E26E001D5FA0 /* GDRegistrationInfoTests.swift in Sources */,
				2F82432B1C40E8F700E2986A /* GDQuarterMangerTests.swift in Sources */,
				2F8243311C430A7100E2986A /* GDClassScheduleTests.swift in Sources */,
				2FFB44E01C33C7D70081D59A /* GDAccountManagerTests.swift in Sources */,
			);
			runOnlyForDeploymentPostprocessing = 0;
		};
		2F73B4C21C33A7C200C78204 /* Sources */ = {
			isa = PBXSourcesBuildPhase;
			buildActionMask = 2147483647;
			files = (
				2F73B4CB1C33A7C200C78204 /* GoldDiggerUITests.swift in Sources */,
			);
			runOnlyForDeploymentPostprocessing = 0;
		};
/* End PBXSourcesBuildPhase section */

/* Begin PBXTargetDependency section */
		2F73B4BD1C33A7C200C78204 /* PBXTargetDependency */ = {
			isa = PBXTargetDependency;
			target = 2F73B4A41C33A7C200C78204 /* GoldDigger */;
			targetProxy = 2F73B4BC1C33A7C200C78204 /* PBXContainerItemProxy */;
		};
		2F73B4C81C33A7C200C78204 /* PBXTargetDependency */ = {
			isa = PBXTargetDependency;
			target = 2F73B4A41C33A7C200C78204 /* GoldDigger */;
			targetProxy = 2F73B4C71C33A7C200C78204 /* PBXContainerItemProxy */;
		};
/* End PBXTargetDependency section */

/* Begin PBXVariantGroup section */
		2F73B4AE1C33A7C200C78204 /* Main.storyboard */ = {
			isa = PBXVariantGroup;
			children = (
				2F73B4AF1C33A7C200C78204 /* Base */,
			);
			name = Main.storyboard;
			sourceTree = "<group>";
		};
		2F73B4B31C33A7C200C78204 /* LaunchScreen.storyboard */ = {
			isa = PBXVariantGroup;
			children = (
				2F73B4B41C33A7C200C78204 /* Base */,
			);
			name = LaunchScreen.storyboard;
			sourceTree = "<group>";
		};
/* End PBXVariantGroup section */

/* Begin XCBuildConfiguration section */
		2F73B4CD1C33A7C200C78204 /* Debug */ = {
			isa = XCBuildConfiguration;
			buildSettings = {
				ALWAYS_SEARCH_USER_PATHS = NO;
				CLANG_CXX_LANGUAGE_STANDARD = "gnu++0x";
				CLANG_CXX_LIBRARY = "libc++";
				CLANG_ENABLE_MODULES = YES;
				CLANG_ENABLE_OBJC_ARC = YES;
				CLANG_WARN_BOOL_CONVERSION = YES;
				CLANG_WARN_CONSTANT_CONVERSION = YES;
				CLANG_WARN_DIRECT_OBJC_ISA_USAGE = YES_ERROR;
				CLANG_WARN_EMPTY_BODY = YES;
				CLANG_WARN_ENUM_CONVERSION = YES;
				CLANG_WARN_INT_CONVERSION = YES;
				CLANG_WARN_OBJC_ROOT_CLASS = YES_ERROR;
				CLANG_WARN_UNREACHABLE_CODE = YES;
				CLANG_WARN__DUPLICATE_METHOD_MATCH = YES;
				"CODE_SIGN_IDENTITY[sdk=iphoneos*]" = "iPhone Developer";
				COPY_PHASE_STRIP = NO;
				DEBUG_INFORMATION_FORMAT = dwarf;
				ENABLE_STRICT_OBJC_MSGSEND = YES;
				ENABLE_TESTABILITY = YES;
				GCC_C_LANGUAGE_STANDARD = gnu99;
				GCC_DYNAMIC_NO_PIC = NO;
				GCC_NO_COMMON_BLOCKS = YES;
				GCC_OPTIMIZATION_LEVEL = 0;
				GCC_PREPROCESSOR_DEFINITIONS = (
					"DEBUG=1",
					"$(inherited)",
				);
				GCC_WARN_64_TO_32_BIT_CONVERSION = YES;
				GCC_WARN_ABOUT_RETURN_TYPE = YES_ERROR;
				GCC_WARN_UNDECLARED_SELECTOR = YES;
				GCC_WARN_UNINITIALIZED_AUTOS = YES_AGGRESSIVE;
				GCC_WARN_UNUSED_FUNCTION = YES;
				GCC_WARN_UNUSED_VARIABLE = YES;
				IPHONEOS_DEPLOYMENT_TARGET = 8.0;
				MTL_ENABLE_DEBUG_INFO = YES;
				ONLY_ACTIVE_ARCH = YES;
				SDKROOT = iphoneos;
				SWIFT_OPTIMIZATION_LEVEL = "-Onone";
			};
			name = Debug;
		};
		2F73B4CE1C33A7C200C78204 /* Release */ = {
			isa = XCBuildConfiguration;
			buildSettings = {
				ALWAYS_SEARCH_USER_PATHS = NO;
				CLANG_CXX_LANGUAGE_STANDARD = "gnu++0x";
				CLANG_CXX_LIBRARY = "libc++";
				CLANG_ENABLE_MODULES = YES;
				CLANG_ENABLE_OBJC_ARC = YES;
				CLANG_WARN_BOOL_CONVERSION = YES;
				CLANG_WARN_CONSTANT_CONVERSION = YES;
				CLANG_WARN_DIRECT_OBJC_ISA_USAGE = YES_ERROR;
				CLANG_WARN_EMPTY_BODY = YES;
				CLANG_WARN_ENUM_CONVERSION = YES;
				CLANG_WARN_INT_CONVERSION = YES;
				CLANG_WARN_OBJC_ROOT_CLASS = YES_ERROR;
				CLANG_WARN_UNREACHABLE_CODE = YES;
				CLANG_WARN__DUPLICATE_METHOD_MATCH = YES;
				"CODE_SIGN_IDENTITY[sdk=iphoneos*]" = "iPhone Developer";
				COPY_PHASE_STRIP = NO;
				DEBUG_INFORMATION_FORMAT = "dwarf-with-dsym";
				ENABLE_NS_ASSERTIONS = NO;
				ENABLE_STRICT_OBJC_MSGSEND = YES;
				GCC_C_LANGUAGE_STANDARD = gnu99;
				GCC_NO_COMMON_BLOCKS = YES;
				GCC_WARN_64_TO_32_BIT_CONVERSION = YES;
				GCC_WARN_ABOUT_RETURN_TYPE = YES_ERROR;
				GCC_WARN_UNDECLARED_SELECTOR = YES;
				GCC_WARN_UNINITIALIZED_AUTOS = YES_AGGRESSIVE;
				GCC_WARN_UNUSED_FUNCTION = YES;
				GCC_WARN_UNUSED_VARIABLE = YES;
				IPHONEOS_DEPLOYMENT_TARGET = 8.0;
				MTL_ENABLE_DEBUG_INFO = NO;
				SDKROOT = iphoneos;
				VALIDATE_PRODUCT = YES;
			};
			name = Release;
		};
		2F73B4D01C33A7C200C78204 /* Debug */ = {
			isa = XCBuildConfiguration;
			baseConfigurationReference = 4495B91A2E37EA1846DD7664 /* Pods-GoldDigger.debug.xcconfig */;
			buildSettings = {
				ALWAYS_SEARCH_USER_PATHS = YES;
				ASSETCATALOG_COMPILER_APPICON_NAME = AppIcon;
				CODE_SIGN_IDENTITY = "iPhone Developer";
				HEADER_SEARCH_PATHS = "$(inherited)";
				INFOPLIST_FILE = GoldDigger/Info.plist;
				IPHONEOS_DEPLOYMENT_TARGET = 8.0;
				LD_RUNPATH_SEARCH_PATHS = "$(inherited) @executable_path/Frameworks";
				PRODUCT_BUNDLE_IDENTIFIER = TO.GoldDigger;
				PRODUCT_NAME = "$(TARGET_NAME)";
			};
			name = Debug;
		};
		2F73B4D11C33A7C200C78204 /* Release */ = {
			isa = XCBuildConfiguration;
			baseConfigurationReference = C5C4103ED4F7628F39248335 /* Pods-GoldDigger.release.xcconfig */;
			buildSettings = {
				ALWAYS_SEARCH_USER_PATHS = YES;
				ASSETCATALOG_COMPILER_APPICON_NAME = AppIcon;
				CODE_SIGN_IDENTITY = "iPhone Developer";
				HEADER_SEARCH_PATHS = "$(inherited)";
				INFOPLIST_FILE = GoldDigger/Info.plist;
				IPHONEOS_DEPLOYMENT_TARGET = 8.0;
				LD_RUNPATH_SEARCH_PATHS = "$(inherited) @executable_path/Frameworks";
				PRODUCT_BUNDLE_IDENTIFIER = TO.GoldDigger;
				PRODUCT_NAME = "$(TARGET_NAME)";
			};
			name = Release;
		};
		2F73B4D31C33A7C200C78204 /* Debug */ = {
			isa = XCBuildConfiguration;
			baseConfigurationReference = 2C5E7D9863BB66FD45A5D06C /* Pods-GoldDiggerTests.debug.xcconfig */;
			buildSettings = {
				BUNDLE_LOADER = "$(TEST_HOST)";
				HEADER_SEARCH_PATHS = "$(inherited)";
				INFOPLIST_FILE = GoldDiggerTests/Info.plist;
				LD_RUNPATH_SEARCH_PATHS = "$(inherited) @executable_path/Frameworks @loader_path/Frameworks";
				PRODUCT_BUNDLE_IDENTIFIER = TO.GoldDiggerTests;
				PRODUCT_NAME = "$(TARGET_NAME)";
				TEST_HOST = "$(BUILT_PRODUCTS_DIR)/GoldDigger.app/GoldDigger";
			};
			name = Debug;
		};
		2F73B4D41C33A7C200C78204 /* Release */ = {
			isa = XCBuildConfiguration;
			baseConfigurationReference = C0CF8530784FBDB817B9F995 /* Pods-GoldDiggerTests.release.xcconfig */;
			buildSettings = {
				BUNDLE_LOADER = "$(TEST_HOST)";
				HEADER_SEARCH_PATHS = "$(inherited)";
				INFOPLIST_FILE = GoldDiggerTests/Info.plist;
				LD_RUNPATH_SEARCH_PATHS = "$(inherited) @executable_path/Frameworks @loader_path/Frameworks";
				PRODUCT_BUNDLE_IDENTIFIER = TO.GoldDiggerTests;
				PRODUCT_NAME = "$(TARGET_NAME)";
				TEST_HOST = "$(BUILT_PRODUCTS_DIR)/GoldDigger.app/GoldDigger";
			};
			name = Release;
		};
		2F73B4D61C33A7C200C78204 /* Debug */ = {
			isa = XCBuildConfiguration;
			buildSettings = {
				HEADER_SEARCH_PATHS = "${SDK_DIR}/usr/include/libxml2";
				INFOPLIST_FILE = GoldDiggerUITests/Info.plist;
				LD_RUNPATH_SEARCH_PATHS = "$(inherited) @executable_path/Frameworks @loader_path/Frameworks";
				PRODUCT_BUNDLE_IDENTIFIER = TO.GoldDiggerUITests;
				PRODUCT_NAME = "$(TARGET_NAME)";
				TEST_TARGET_NAME = GoldDigger;
				USES_XCTRUNNER = YES;
			};
			name = Debug;
		};
		2F73B4D71C33A7C200C78204 /* Release */ = {
			isa = XCBuildConfiguration;
			buildSettings = {
				HEADER_SEARCH_PATHS = "${SDK_DIR}/usr/include/libxml2";
				INFOPLIST_FILE = GoldDiggerUITests/Info.plist;
				LD_RUNPATH_SEARCH_PATHS = "$(inherited) @executable_path/Frameworks @loader_path/Frameworks";
				PRODUCT_BUNDLE_IDENTIFIER = TO.GoldDiggerUITests;
				PRODUCT_NAME = "$(TARGET_NAME)";
				TEST_TARGET_NAME = GoldDigger;
				USES_XCTRUNNER = YES;
			};
			name = Release;
		};
/* End XCBuildConfiguration section */

/* Begin XCConfigurationList section */
		2F73B4A01C33A7C200C78204 /* Build configuration list for PBXProject "GoldDigger" */ = {
			isa = XCConfigurationList;
			buildConfigurations = (
				2F73B4CD1C33A7C200C78204 /* Debug */,
				2F73B4CE1C33A7C200C78204 /* Release */,
			);
			defaultConfigurationIsVisible = 0;
			defaultConfigurationName = Release;
		};
		2F73B4CF1C33A7C200C78204 /* Build configuration list for PBXNativeTarget "GoldDigger" */ = {
			isa = XCConfigurationList;
			buildConfigurations = (
				2F73B4D01C33A7C200C78204 /* Debug */,
				2F73B4D11C33A7C200C78204 /* Release */,
			);
			defaultConfigurationIsVisible = 0;
			defaultConfigurationName = Release;
		};
		2F73B4D21C33A7C200C78204 /* Build configuration list for PBXNativeTarget "GoldDiggerTests" */ = {
			isa = XCConfigurationList;
			buildConfigurations = (
				2F73B4D31C33A7C200C78204 /* Debug */,
				2F73B4D41C33A7C200C78204 /* Release */,
			);
			defaultConfigurationIsVisible = 0;
			defaultConfigurationName = Release;
		};
		2F73B4D51C33A7C200C78204 /* Build configuration list for PBXNativeTarget "GoldDiggerUITests" */ = {
			isa = XCConfigurationList;
			buildConfigurations = (
				2F73B4D61C33A7C200C78204 /* Debug */,
				2F73B4D71C33A7C200C78204 /* Release */,
			);
			defaultConfigurationIsVisible = 0;
			defaultConfigurationName = Release;
		};
/* End XCConfigurationList section */
	};
	rootObject = 2F73B49D1C33A7C200C78204 /* Project object */;
}
